
Microsoft Visual Studio Solution File, Format Version 12.00
# Visual Studio Version 17
VisualStudioVersion = 17.4.33205.214
MinimumVisualStudioVersion = 10.0.40219.1
Project("{9A19103F-16F7-4668-BE54-9A1E7A4F7556}") = "Carlton.Base.Components", "src\Carlton.Base.Client.Componets\Carlton.Base.Components.csproj", "{873BEAF1-DA96-4252-B2BF-3516C8FF97B9}"
EndProject
Project("{9A19103F-16F7-4668-BE54-9A1E7A4F7556}") = "Carlton.Base.Components.TestBed", "src\Carlton.Base.Client.Componets.TestBed\Carlton.Base.Components.TestBed.csproj", "{CCCF3E41-9DC3-41EF-A4D0-A0431565C3E1}"
EndProject
Project("{9A19103F-16F7-4668-BE54-9A1E7A4F7556}") = "Carlton.Base.TestBedFramework", "src\Carlton.Base.TestBed\Carlton.Base.TestBedFramework.csproj", "{B13AB896-112E-43EB-AB83-B25B291C6A2D}"
EndProject
Global
	GlobalSection(SolutionConfigurationPlatforms) = preSolution
		Debug|Any CPU = Debug|Any CPU
		Release|Any CPU = Release|Any CPU
	EndGlobalSection
	GlobalSection(ProjectConfigurationPlatforms) = postSolution
		{873BEAF1-DA96-4252-B2BF-3516C8FF97B9}.Debug|Any CPU.ActiveCfg = Debug|Any CPU
		{873BEAF1-DA96-4252-B2BF-3516C8FF97B9}.Debug|Any CPU.Build.0 = Debug|Any CPU
		{873BEAF1-DA96-4252-B2BF-3516C8FF97B9}.Release|Any CPU.ActiveCfg = Release|Any CPU
		{873BEAF1-DA96-4252-B2BF-3516C8FF97B9}.Release|Any CPU.Build.0 = Release|Any CPU
		{CCCF3E41-9DC3-41EF-A4D0-A0431565C3E1}.Debug|Any CPU.ActiveCfg = Debug|Any CPU
		{CCCF3E41-9DC3-41EF-A4D0-A0431565C3E1}.Debug|Any CPU.Build.0 = Debug|Any CPU
		{CCCF3E41-9DC3-41EF-A4D0-A0431565C3E1}.Release|Any CPU.ActiveCfg = Release|Any CPU
		{CCCF3E41-9DC3-41EF-A4D0-A0431565C3E1}.Release|Any CPU.Build.0 = Release|Any CPU
		{B13AB896-112E-43EB-AB83-B25B291C6A2D}.Debug|Any CPU.ActiveCfg = Debug|Any CPU
		{B13AB896-112E-43EB-AB83-B25B291C6A2D}.Debug|Any CPU.Build.0 = Debug|Any CPU
		{B13AB896-112E-43EB-AB83-B25B291C6A2D}.Release|Any CPU.ActiveCfg = Release|Any CPU
		{B13AB896-112E-43EB-AB83-B25B291C6A2D}.Release|Any CPU.Build.0 = Release|Any CPU
	EndGlobalSection
	GlobalSection(SolutionProperties) = preSolution
		HideSolutionNode = FALSE
	EndGlobalSection
	GlobalSection(ExtensibilityGlobals) = postSolution
		SolutionGuid = {A0A9FADF-B8A4-4B0E-A376-E63E92054FD5}
	EndGlobalSection
EndGlobal
