
Microsoft Visual Studio Solution File, Format Version 12.00
# Visual Studio Version 16
VisualStudioVersion = 16.0.30717.126
MinimumVisualStudioVersion = 10.0.40219.1
Project("{9A19103F-16F7-4668-BE54-9A1E7A4F7556}") = "Carlton.Base.Infrastructure", "Carlton.Base.Infrastructure.csproj", "{523E5B77-3EE8-40A9-8BA3-494602C3B545}"
EndProject
Global
	GlobalSection(SolutionConfigurationPlatforms) = preSolution
		Debug|Any CPU = Debug|Any CPU
		Release|Any CPU = Release|Any CPU
	EndGlobalSection
	GlobalSection(ProjectConfigurationPlatforms) = postSolution
		{523E5B77-3EE8-40A9-8BA3-494602C3B545}.Debug|Any CPU.ActiveCfg = Debug|Any CPU
		{523E5B77-3EE8-40A9-8BA3-494602C3B545}.Debug|Any CPU.Build.0 = Debug|Any CPU
		{523E5B77-3EE8-40A9-8BA3-494602C3B545}.Release|Any CPU.ActiveCfg = Release|Any CPU
		{523E5B77-3EE8-40A9-8BA3-494602C3B545}.Release|Any CPU.Build.0 = Release|Any CPU
	EndGlobalSection
	GlobalSection(SolutionProperties) = preSolution
		HideSolutionNode = FALSE
	EndGlobalSection
	GlobalSection(ExtensibilityGlobals) = postSolution
		SolutionGuid = {08C7F696-B742-4D05-8208-7C50A198775F}
	EndGlobalSection
EndGlobal
