
Microsoft Visual Studio Solution File, Format Version 12.00
# Visual Studio Version 17
VisualStudioVersion = 17.4.33205.214
MinimumVisualStudioVersion = 10.0.40219.1
Project("{9A19103F-16F7-4668-BE54-9A1E7A4F7556}") = "Carlton.Core.Utilities", "Utilities\Carlton.Core.Utilities\Carlton.Core.Utilities.csproj", "{B2DC6E8D-8510-4550-B334-EF7F6ADFFE6D}"
EndProject
Project("{2150E333-8FDC-42A3-9474-1A3956D46DE8}") = "Lab", "Lab", "{4BF087BD-FC47-4D3E-BAD5-051FCC8858AF}"
EndProject
Project("{2150E333-8FDC-42A3-9474-1A3956D46DE8}") = "Utilities", "Utilities", "{4CDC27F1-7FC7-4CAF-A466-4181E01C4E73}"
EndProject
Project("{9A19103F-16F7-4668-BE54-9A1E7A4F7556}") = "Carlton.Core.Utilities.Test", "Utilities\Carlton.Core.Utilities.Tests\Carlton.Core.Utilities.Test.csproj", "{7E2DC2A1-4D2B-438C-90CC-21B8DA1C23F4}"
EndProject
Project("{2150E333-8FDC-42A3-9474-1A3956D46DE8}") = "Flux", "Flux", "{30A02A52-86DC-457F-BAFF-10EB6B1ED1AC}"
EndProject
Project("{2150E333-8FDC-42A3-9474-1A3956D46DE8}") = "Solution Items", "Solution Items", "{CC3BAD72-BEE2-4C13-9A18-A12074E5D502}"
	ProjectSection(SolutionItems) = preProject
		.editorconfig = .editorconfig
	EndProjectSection
EndProject
Project("{2150E333-8FDC-42A3-9474-1A3956D46DE8}") = "Components", "Components", "{74CF6108-5B0A-408F-B8F1-90F324CDEED9}"
EndProject
Project("{9A19103F-16F7-4668-BE54-9A1E7A4F7556}") = "Carlton.Core.Components", "Components\Carlton.Core.Components\Carlton.Core.Components.csproj", "{6D48BD82-A96F-4006-9D7B-A6815BA87DEF}"
EndProject
Project("{9A19103F-16F7-4668-BE54-9A1E7A4F7556}") = "Carlton.Core.Components.Lab", "Components\Carlton.Core.Components.Lab\Carlton.Core.Components.Lab.csproj", "{14BEEF4B-9005-4FF0-9155-0109DC8E59B6}"
EndProject
Project("{9A19103F-16F7-4668-BE54-9A1E7A4F7556}") = "Carlton.Core.Flux", "Flux\Carlton.Core.Flux\Carlton.Core.Flux.csproj", "{47C1806C-92E1-446D-B50F-F34A70DB8FCE}"
EndProject
Project("{9A19103F-16F7-4668-BE54-9A1E7A4F7556}") = "Carlton.Core.Flux.Debug", "Flux\Carlton.Core.Flux.Debug\Carlton.Core.Flux.Debug.csproj", "{7A48DFB3-FB6D-4D81-85DC-0D80A210B2BB}"
EndProject
Project("{9A19103F-16F7-4668-BE54-9A1E7A4F7556}") = "Carlton.Core.Lab", "Lab\Carlton.Core.Lab\Carlton.Core.Lab.csproj", "{F0CA25A6-F32E-45A2-8FFE-2658BFABD9E2}"
EndProject
Project("{9A19103F-16F7-4668-BE54-9A1E7A4F7556}") = "Carlton.Core.Lab.Models", "Lab\Carlton.Core.Lab.Models\Carlton.Core.Lab.Models.csproj", "{D5FCD78D-495B-41AD-B913-6D7A15AC0660}"
EndProject
Project("{9A19103F-16F7-4668-BE54-9A1E7A4F7556}") = "Carlton.Core.BrowserStroage", "Flux\Carlton.Core.BrowserStroage\Carlton.Core.BrowserStroage.csproj", "{8CDF30FA-FC18-4E47-BE7B-28E3F65B312D}"
EndProject
Project("{2150E333-8FDC-42A3-9474-1A3956D46DE8}") = "Foundation", "Foundation", "{FEE15A36-7F78-45C4-BEAD-0829FF476557}"
	ProjectSection(SolutionItems) = preProject
		Foundation\README.md = Foundation\README.md
	EndProjectSection
EndProject
Project("{9A19103F-16F7-4668-BE54-9A1E7A4F7556}") = "Carlton.Core.Foundation", "Foundation\Carlton.Core.Foundation\Carlton.Core.Foundation.csproj", "{6B07C815-E7F2-4BFE-AC90-87710E304258}"
EndProject
Project("{9A19103F-16F7-4668-BE54-9A1E7A4F7556}") = "Carlton.Core.Foundation.Tests", "Foundation\Carlton.Core.Foundation.Tests\Carlton.Core.Foundation.Tests.csproj", "{0B69DECE-5E3A-4C6D-9F95-66B79BF33469}"
EndProject
Project("{9A19103F-16F7-4668-BE54-9A1E7A4F7556}") = "Carlton.Core.Foundation.Web", "Foundation\Carlton.Core.Foundation.Web\Carlton.Core.Foundation.Web.csproj", "{06C223B6-C862-44D6-8B31-BF8991216A52}"
EndProject
Project("{2150E333-8FDC-42A3-9474-1A3956D46DE8}") = "Layouts", "Layouts", "{34E1A613-A3B0-4B9A-AC87-5D74E1BA3F99}"
EndProject
Project("{9A19103F-16F7-4668-BE54-9A1E7A4F7556}") = "Carlton.Core.Flux.Tests", "Flux\Carlton.Core.Flux.Test\Carlton.Core.Flux.Tests.csproj", "{AAA5E9EC-CD25-4B64-AA00-4071B92D296B}"
EndProject
Project("{9A19103F-16F7-4668-BE54-9A1E7A4F7556}") = "Carlton.Core.Foundation.API", "Foundation\Carlton.Core.Foundation.API\Carlton.Core.Foundation.API.csproj", "{60B77801-794A-49DC-B735-5329125BD90A}"
EndProject
Project("{9A19103F-16F7-4668-BE54-9A1E7A4F7556}") = "Carlton.Core.Lab.Tests", "Lab\Carlton.Core.Lab.Tests\Carlton.Core.Lab.Tests.csproj", "{44C21A2E-42D2-4B1D-ABA8-FE32BCE464B6}"
EndProject
Project("{9A19103F-16F7-4668-BE54-9A1E7A4F7556}") = "Carlton.Core.Components.Layouts", "Components\Layouts\Carlton.Core.Components.Layouts\Carlton.Core.Components.Layouts.csproj", "{F268373E-2F66-4969-95B1-AD200666A192}"
EndProject
Project("{9A19103F-16F7-4668-BE54-9A1E7A4F7556}") = "Carlton.Core.Flux.Debug.Models", "Carlton.Core.Flux.Debug.Models\Carlton.Core.Flux.Debug.Models.csproj", "{DCBA3AD4-C2F0-4BF3-945A-D62AF9BB2BB7}"
EndProject
Project("{9A19103F-16F7-4668-BE54-9A1E7A4F7556}") = "Carlton.Core.LayoutServices", "test\Carlton.Core.LayoutServices\Carlton.Core.LayoutServices.csproj", "{E9737C44-3C91-4B52-B03E-8E155BA385A5}"
EndProject
Global
	GlobalSection(SolutionConfigurationPlatforms) = preSolution
		Debug|Any CPU = Debug|Any CPU
		Release|Any CPU = Release|Any CPU
	EndGlobalSection
	GlobalSection(ProjectConfigurationPlatforms) = postSolution
		{B2DC6E8D-8510-4550-B334-EF7F6ADFFE6D}.Debug|Any CPU.ActiveCfg = Debug|Any CPU
		{B2DC6E8D-8510-4550-B334-EF7F6ADFFE6D}.Debug|Any CPU.Build.0 = Debug|Any CPU
		{B2DC6E8D-8510-4550-B334-EF7F6ADFFE6D}.Release|Any CPU.ActiveCfg = Release|Any CPU
		{B2DC6E8D-8510-4550-B334-EF7F6ADFFE6D}.Release|Any CPU.Build.0 = Release|Any CPU
		{7E2DC2A1-4D2B-438C-90CC-21B8DA1C23F4}.Debug|Any CPU.ActiveCfg = Debug|Any CPU
		{7E2DC2A1-4D2B-438C-90CC-21B8DA1C23F4}.Debug|Any CPU.Build.0 = Debug|Any CPU
		{7E2DC2A1-4D2B-438C-90CC-21B8DA1C23F4}.Release|Any CPU.ActiveCfg = Release|Any CPU
		{7E2DC2A1-4D2B-438C-90CC-21B8DA1C23F4}.Release|Any CPU.Build.0 = Release|Any CPU
		{6D48BD82-A96F-4006-9D7B-A6815BA87DEF}.Debug|Any CPU.ActiveCfg = Debug|Any CPU
		{6D48BD82-A96F-4006-9D7B-A6815BA87DEF}.Debug|Any CPU.Build.0 = Debug|Any CPU
		{6D48BD82-A96F-4006-9D7B-A6815BA87DEF}.Release|Any CPU.ActiveCfg = Release|Any CPU
		{6D48BD82-A96F-4006-9D7B-A6815BA87DEF}.Release|Any CPU.Build.0 = Release|Any CPU
		{14BEEF4B-9005-4FF0-9155-0109DC8E59B6}.Debug|Any CPU.ActiveCfg = Debug|Any CPU
		{14BEEF4B-9005-4FF0-9155-0109DC8E59B6}.Debug|Any CPU.Build.0 = Debug|Any CPU
		{14BEEF4B-9005-4FF0-9155-0109DC8E59B6}.Release|Any CPU.ActiveCfg = Release|Any CPU
		{14BEEF4B-9005-4FF0-9155-0109DC8E59B6}.Release|Any CPU.Build.0 = Release|Any CPU
		{47C1806C-92E1-446D-B50F-F34A70DB8FCE}.Debug|Any CPU.ActiveCfg = Debug|Any CPU
		{47C1806C-92E1-446D-B50F-F34A70DB8FCE}.Debug|Any CPU.Build.0 = Debug|Any CPU
		{47C1806C-92E1-446D-B50F-F34A70DB8FCE}.Release|Any CPU.ActiveCfg = Release|Any CPU
		{47C1806C-92E1-446D-B50F-F34A70DB8FCE}.Release|Any CPU.Build.0 = Release|Any CPU
		{7A48DFB3-FB6D-4D81-85DC-0D80A210B2BB}.Debug|Any CPU.ActiveCfg = Debug|Any CPU
		{7A48DFB3-FB6D-4D81-85DC-0D80A210B2BB}.Debug|Any CPU.Build.0 = Debug|Any CPU
		{7A48DFB3-FB6D-4D81-85DC-0D80A210B2BB}.Release|Any CPU.ActiveCfg = Release|Any CPU
		{7A48DFB3-FB6D-4D81-85DC-0D80A210B2BB}.Release|Any CPU.Build.0 = Release|Any CPU
		{F0CA25A6-F32E-45A2-8FFE-2658BFABD9E2}.Debug|Any CPU.ActiveCfg = Debug|Any CPU
		{F0CA25A6-F32E-45A2-8FFE-2658BFABD9E2}.Debug|Any CPU.Build.0 = Debug|Any CPU
		{F0CA25A6-F32E-45A2-8FFE-2658BFABD9E2}.Release|Any CPU.ActiveCfg = Release|Any CPU
		{F0CA25A6-F32E-45A2-8FFE-2658BFABD9E2}.Release|Any CPU.Build.0 = Release|Any CPU
		{D5FCD78D-495B-41AD-B913-6D7A15AC0660}.Debug|Any CPU.ActiveCfg = Debug|Any CPU
		{D5FCD78D-495B-41AD-B913-6D7A15AC0660}.Debug|Any CPU.Build.0 = Debug|Any CPU
		{D5FCD78D-495B-41AD-B913-6D7A15AC0660}.Release|Any CPU.ActiveCfg = Release|Any CPU
		{D5FCD78D-495B-41AD-B913-6D7A15AC0660}.Release|Any CPU.Build.0 = Release|Any CPU
		{8CDF30FA-FC18-4E47-BE7B-28E3F65B312D}.Debug|Any CPU.ActiveCfg = Debug|Any CPU
		{8CDF30FA-FC18-4E47-BE7B-28E3F65B312D}.Debug|Any CPU.Build.0 = Debug|Any CPU
		{8CDF30FA-FC18-4E47-BE7B-28E3F65B312D}.Release|Any CPU.ActiveCfg = Release|Any CPU
		{8CDF30FA-FC18-4E47-BE7B-28E3F65B312D}.Release|Any CPU.Build.0 = Release|Any CPU
		{6B07C815-E7F2-4BFE-AC90-87710E304258}.Debug|Any CPU.ActiveCfg = Debug|Any CPU
		{6B07C815-E7F2-4BFE-AC90-87710E304258}.Debug|Any CPU.Build.0 = Debug|Any CPU
		{6B07C815-E7F2-4BFE-AC90-87710E304258}.Release|Any CPU.ActiveCfg = Release|Any CPU
		{6B07C815-E7F2-4BFE-AC90-87710E304258}.Release|Any CPU.Build.0 = Release|Any CPU
		{0B69DECE-5E3A-4C6D-9F95-66B79BF33469}.Debug|Any CPU.ActiveCfg = Debug|Any CPU
		{0B69DECE-5E3A-4C6D-9F95-66B79BF33469}.Debug|Any CPU.Build.0 = Debug|Any CPU
		{0B69DECE-5E3A-4C6D-9F95-66B79BF33469}.Release|Any CPU.ActiveCfg = Release|Any CPU
		{0B69DECE-5E3A-4C6D-9F95-66B79BF33469}.Release|Any CPU.Build.0 = Release|Any CPU
		{06C223B6-C862-44D6-8B31-BF8991216A52}.Debug|Any CPU.ActiveCfg = Debug|Any CPU
		{06C223B6-C862-44D6-8B31-BF8991216A52}.Debug|Any CPU.Build.0 = Debug|Any CPU
		{06C223B6-C862-44D6-8B31-BF8991216A52}.Release|Any CPU.ActiveCfg = Release|Any CPU
		{06C223B6-C862-44D6-8B31-BF8991216A52}.Release|Any CPU.Build.0 = Release|Any CPU
		{AAA5E9EC-CD25-4B64-AA00-4071B92D296B}.Debug|Any CPU.ActiveCfg = Debug|Any CPU
		{AAA5E9EC-CD25-4B64-AA00-4071B92D296B}.Debug|Any CPU.Build.0 = Debug|Any CPU
		{AAA5E9EC-CD25-4B64-AA00-4071B92D296B}.Release|Any CPU.ActiveCfg = Release|Any CPU
		{AAA5E9EC-CD25-4B64-AA00-4071B92D296B}.Release|Any CPU.Build.0 = Release|Any CPU
		{60B77801-794A-49DC-B735-5329125BD90A}.Debug|Any CPU.ActiveCfg = Debug|Any CPU
		{60B77801-794A-49DC-B735-5329125BD90A}.Debug|Any CPU.Build.0 = Debug|Any CPU
		{60B77801-794A-49DC-B735-5329125BD90A}.Release|Any CPU.ActiveCfg = Release|Any CPU
		{60B77801-794A-49DC-B735-5329125BD90A}.Release|Any CPU.Build.0 = Release|Any CPU
		{44C21A2E-42D2-4B1D-ABA8-FE32BCE464B6}.Debug|Any CPU.ActiveCfg = Debug|Any CPU
		{44C21A2E-42D2-4B1D-ABA8-FE32BCE464B6}.Debug|Any CPU.Build.0 = Debug|Any CPU
		{44C21A2E-42D2-4B1D-ABA8-FE32BCE464B6}.Release|Any CPU.ActiveCfg = Release|Any CPU
		{44C21A2E-42D2-4B1D-ABA8-FE32BCE464B6}.Release|Any CPU.Build.0 = Release|Any CPU
		{F268373E-2F66-4969-95B1-AD200666A192}.Debug|Any CPU.ActiveCfg = Debug|Any CPU
		{F268373E-2F66-4969-95B1-AD200666A192}.Debug|Any CPU.Build.0 = Debug|Any CPU
		{F268373E-2F66-4969-95B1-AD200666A192}.Release|Any CPU.ActiveCfg = Release|Any CPU
		{F268373E-2F66-4969-95B1-AD200666A192}.Release|Any CPU.Build.0 = Release|Any CPU
		{DCBA3AD4-C2F0-4BF3-945A-D62AF9BB2BB7}.Debug|Any CPU.ActiveCfg = Debug|Any CPU
		{DCBA3AD4-C2F0-4BF3-945A-D62AF9BB2BB7}.Debug|Any CPU.Build.0 = Debug|Any CPU
		{DCBA3AD4-C2F0-4BF3-945A-D62AF9BB2BB7}.Release|Any CPU.ActiveCfg = Release|Any CPU
		{DCBA3AD4-C2F0-4BF3-945A-D62AF9BB2BB7}.Release|Any CPU.Build.0 = Release|Any CPU
		{E9737C44-3C91-4B52-B03E-8E155BA385A5}.Debug|Any CPU.ActiveCfg = Debug|Any CPU
		{E9737C44-3C91-4B52-B03E-8E155BA385A5}.Debug|Any CPU.Build.0 = Debug|Any CPU
		{E9737C44-3C91-4B52-B03E-8E155BA385A5}.Release|Any CPU.ActiveCfg = Release|Any CPU
		{E9737C44-3C91-4B52-B03E-8E155BA385A5}.Release|Any CPU.Build.0 = Release|Any CPU
	EndGlobalSection
	GlobalSection(SolutionProperties) = preSolution
		HideSolutionNode = FALSE
	EndGlobalSection
	GlobalSection(NestedProjects) = preSolution
		{B2DC6E8D-8510-4550-B334-EF7F6ADFFE6D} = {4CDC27F1-7FC7-4CAF-A466-4181E01C4E73}
		{7E2DC2A1-4D2B-438C-90CC-21B8DA1C23F4} = {4CDC27F1-7FC7-4CAF-A466-4181E01C4E73}
		{6D48BD82-A96F-4006-9D7B-A6815BA87DEF} = {74CF6108-5B0A-408F-B8F1-90F324CDEED9}
		{14BEEF4B-9005-4FF0-9155-0109DC8E59B6} = {74CF6108-5B0A-408F-B8F1-90F324CDEED9}
		{47C1806C-92E1-446D-B50F-F34A70DB8FCE} = {30A02A52-86DC-457F-BAFF-10EB6B1ED1AC}
		{7A48DFB3-FB6D-4D81-85DC-0D80A210B2BB} = {30A02A52-86DC-457F-BAFF-10EB6B1ED1AC}
		{F0CA25A6-F32E-45A2-8FFE-2658BFABD9E2} = {4BF087BD-FC47-4D3E-BAD5-051FCC8858AF}
		{D5FCD78D-495B-41AD-B913-6D7A15AC0660} = {4BF087BD-FC47-4D3E-BAD5-051FCC8858AF}
		{8CDF30FA-FC18-4E47-BE7B-28E3F65B312D} = {30A02A52-86DC-457F-BAFF-10EB6B1ED1AC}
		{6B07C815-E7F2-4BFE-AC90-87710E304258} = {FEE15A36-7F78-45C4-BEAD-0829FF476557}
		{0B69DECE-5E3A-4C6D-9F95-66B79BF33469} = {FEE15A36-7F78-45C4-BEAD-0829FF476557}
		{06C223B6-C862-44D6-8B31-BF8991216A52} = {FEE15A36-7F78-45C4-BEAD-0829FF476557}
		{34E1A613-A3B0-4B9A-AC87-5D74E1BA3F99} = {74CF6108-5B0A-408F-B8F1-90F324CDEED9}
		{AAA5E9EC-CD25-4B64-AA00-4071B92D296B} = {30A02A52-86DC-457F-BAFF-10EB6B1ED1AC}
		{60B77801-794A-49DC-B735-5329125BD90A} = {FEE15A36-7F78-45C4-BEAD-0829FF476557}
		{44C21A2E-42D2-4B1D-ABA8-FE32BCE464B6} = {4BF087BD-FC47-4D3E-BAD5-051FCC8858AF}
		{F268373E-2F66-4969-95B1-AD200666A192} = {34E1A613-A3B0-4B9A-AC87-5D74E1BA3F99}
		{DCBA3AD4-C2F0-4BF3-945A-D62AF9BB2BB7} = {30A02A52-86DC-457F-BAFF-10EB6B1ED1AC}
	EndGlobalSection
	GlobalSection(ExtensibilityGlobals) = postSolution
		SolutionGuid = {A0A9FADF-B8A4-4B0E-A376-E63E92054FD5}
	EndGlobalSection
EndGlobal
